
Microsoft Visual Studio Solution File, Format Version 12.00
# Visual Studio Version 16
VisualStudioVersion = 16.0.30711.63
MinimumVisualStudioVersion = 10.0.40219.1
Project("{FAE04EC0-301F-11D3-BF4B-00C04F79EFBC}") = "HB_CampaingModule", "HB_CampaingModule\HB_CampaingModule.csproj", "{88D5A09E-11CF-4695-A4DE-A1145F9944F9}"
EndProject
Global
	GlobalSection(SolutionConfigurationPlatforms) = preSolution
		Debug|Any CPU = Debug|Any CPU
		Release|Any CPU = Release|Any CPU
	EndGlobalSection
	GlobalSection(ProjectConfigurationPlatforms) = postSolution
		{88D5A09E-11CF-4695-A4DE-A1145F9944F9}.Debug|Any CPU.ActiveCfg = Debug|Any CPU
		{88D5A09E-11CF-4695-A4DE-A1145F9944F9}.Debug|Any CPU.Build.0 = Debug|Any CPU
		{88D5A09E-11CF-4695-A4DE-A1145F9944F9}.Release|Any CPU.ActiveCfg = Release|Any CPU
		{88D5A09E-11CF-4695-A4DE-A1145F9944F9}.Release|Any CPU.Build.0 = Release|Any CPU
	EndGlobalSection
	GlobalSection(SolutionProperties) = preSolution
		HideSolutionNode = FALSE
	EndGlobalSection
	GlobalSection(ExtensibilityGlobals) = postSolution
		SolutionGuid = {8DAD7A09-D35E-40F9-8F51-2A8A40B62B8C}
	EndGlobalSection
EndGlobal
